
Microsoft Visual Studio Solution File, Format Version 12.00
# Visual Studio Version 16
VisualStudioVersion = 16.0.33920.266
MinimumVisualStudioVersion = 10.0.40219.1
Project("{8BC9CEB8-8B4A-11D0-8D11-00A0C91BC942}") = "Assignment1_1", "Assignment1_1.vcxproj", "{5C793029-67EE-4ED5-ADC5-F3C805688595}"
EndProject
Project("{8BC9CEB8-8B4A-11D0-8D11-00A0C91BC942}") = "Test1_1", "Test1_1\Test1_1.vcxproj", "{27D7212B-91F9-4D44-B5E2-BA7E36061F28}"
EndProject
Global
	GlobalSection(SolutionConfigurationPlatforms) = preSolution
		Debug|x64 = Debug|x64
		Debug|x86 = Debug|x86
		Release|x64 = Release|x64
		Release|x86 = Release|x86
	EndGlobalSection
	GlobalSection(ProjectConfigurationPlatforms) = postSolution
		{5C793029-67EE-4ED5-ADC5-F3C805688595}.Debug|x64.ActiveCfg = Debug|x64
		{5C793029-67EE-4ED5-ADC5-F3C805688595}.Debug|x64.Build.0 = Debug|x64
		{5C793029-67EE-4ED5-ADC5-F3C805688595}.Debug|x86.ActiveCfg = Debug|Win32
		{5C793029-67EE-4ED5-ADC5-F3C805688595}.Debug|x86.Build.0 = Debug|Win32
		{5C793029-67EE-4ED5-ADC5-F3C805688595}.Release|x64.ActiveCfg = Release|x64
		{5C793029-67EE-4ED5-ADC5-F3C805688595}.Release|x64.Build.0 = Release|x64
		{5C793029-67EE-4ED5-ADC5-F3C805688595}.Release|x86.ActiveCfg = Release|Win32
		{5C793029-67EE-4ED5-ADC5-F3C805688595}.Release|x86.Build.0 = Release|Win32
		{27D7212B-91F9-4D44-B5E2-BA7E36061F28}.Debug|x64.ActiveCfg = Debug|x64
		{27D7212B-91F9-4D44-B5E2-BA7E36061F28}.Debug|x64.Build.0 = Debug|x64
		{27D7212B-91F9-4D44-B5E2-BA7E36061F28}.Debug|x86.ActiveCfg = Debug|Win32
		{27D7212B-91F9-4D44-B5E2-BA7E36061F28}.Debug|x86.Build.0 = Debug|Win32
		{27D7212B-91F9-4D44-B5E2-BA7E36061F28}.Release|x64.ActiveCfg = Release|x64
		{27D7212B-91F9-4D44-B5E2-BA7E36061F28}.Release|x64.Build.0 = Release|x64
		{27D7212B-91F9-4D44-B5E2-BA7E36061F28}.Release|x86.ActiveCfg = Release|Win32
		{27D7212B-91F9-4D44-B5E2-BA7E36061F28}.Release|x86.Build.0 = Release|Win32
	EndGlobalSection
	GlobalSection(SolutionProperties) = preSolution
		HideSolutionNode = FALSE
	EndGlobalSection
	GlobalSection(ExtensibilityGlobals) = postSolution
		SolutionGuid = {05A9EA6C-96D1-4086-A84F-BA1953234100}
	EndGlobalSection
EndGlobal
